
Microsoft Visual Studio Solution File, Format Version 12.00
# Visual Studio Version 16
VisualStudioVersion = 16.0.29905.134
MinimumVisualStudioVersion = 10.0.40219.1
Project("{FAE04EC0-301F-11D3-BF4B-00C04F79EFBC}") = "Exporter", "Exporter\Exporter.csproj", "{90967D8D-6B7F-49B1-9EB5-07C1570A887D}"
EndProject
Global
	GlobalSection(SolutionConfigurationPlatforms) = preSolution
		Debug|Any CPU = Debug|Any CPU
		Release|Any CPU = Release|Any CPU
	EndGlobalSection
	GlobalSection(ProjectConfigurationPlatforms) = postSolution
		{90967D8D-6B7F-49B1-9EB5-07C1570A887D}.Debug|Any CPU.ActiveCfg = Debug|Any CPU
		{90967D8D-6B7F-49B1-9EB5-07C1570A887D}.Debug|Any CPU.Build.0 = Debug|Any CPU
		{90967D8D-6B7F-49B1-9EB5-07C1570A887D}.Release|Any CPU.ActiveCfg = Release|Any CPU
		{90967D8D-6B7F-49B1-9EB5-07C1570A887D}.Release|Any CPU.Build.0 = Release|Any CPU
	EndGlobalSection
	GlobalSection(SolutionProperties) = preSolution
		HideSolutionNode = FALSE
	EndGlobalSection
	GlobalSection(ExtensibilityGlobals) = postSolution
		SolutionGuid = {0DEBCCCC-FDCD-41F8-8931-8FE32F9AF831}
	EndGlobalSection
EndGlobal
